
Microsoft Visual Studio Solution File, Format Version 12.00
# Visual Studio Version 16
VisualStudioVersion = 16.0.30611.23
MinimumVisualStudioVersion = 10.0.40219.1
Project("{FAE04EC0-301F-11D3-BF4B-00C04F79EFBC}") = "FreshFruit", "FreshFruit\FreshFruit.csproj", "{BEAEE710-133D-4161-87F0-AEF1319E12D7}"
EndProject
Project("{2150E333-8FDC-42A3-9474-1A3956D46DE8}") = "Solution Items", "Solution Items", "{2B0F56BA-7EFF-4A92-B93F-F31DA86C2059}"
	ProjectSection(SolutionItems) = preProject
		..\The Cashier\readme.md = ..\The Cashier\readme.md
	EndProjectSection
EndProject
Global
	GlobalSection(SolutionConfigurationPlatforms) = preSolution
		Debug|Any CPU = Debug|Any CPU
		Release|Any CPU = Release|Any CPU
	EndGlobalSection
	GlobalSection(ProjectConfigurationPlatforms) = postSolution
		{BEAEE710-133D-4161-87F0-AEF1319E12D7}.Debug|Any CPU.ActiveCfg = Debug|Any CPU
		{BEAEE710-133D-4161-87F0-AEF1319E12D7}.Debug|Any CPU.Build.0 = Debug|Any CPU
		{BEAEE710-133D-4161-87F0-AEF1319E12D7}.Release|Any CPU.ActiveCfg = Release|Any CPU
		{BEAEE710-133D-4161-87F0-AEF1319E12D7}.Release|Any CPU.Build.0 = Release|Any CPU
	EndGlobalSection
	GlobalSection(SolutionProperties) = preSolution
		HideSolutionNode = FALSE
	EndGlobalSection
	GlobalSection(ExtensibilityGlobals) = postSolution
		SolutionGuid = {C6F3BAF0-6505-4DAB-B9F6-1F2276834792}
	EndGlobalSection
EndGlobal
